
Microsoft Visual Studio Solution File, Format Version 12.00
# Visual Studio Version 17
VisualStudioVersion = 17.9.34723.18
MinimumVisualStudioVersion = 10.0.40219.1
Project("{9A19103F-16F7-4668-BE54-9A1E7A4F7556}") = "BusinessObjects", "BusinessObjects\BusinessObjects.csproj", "{FC28A935-239C-4009-A6C0-7BEF98ABCE59}"
EndProject
Project("{9A19103F-16F7-4668-BE54-9A1E7A4F7556}") = "DataAccessObjects", "DataAccessObjects\DataAccessObjects.csproj", "{862A1447-F593-4F9C-9108-DE5A8C1F2236}"
EndProject
Project("{9A19103F-16F7-4668-BE54-9A1E7A4F7556}") = "Repositories", "Repositories\Repositories.csproj", "{0BC88893-48D1-4D9D-8022-ADD350E2B64F}"
EndProject
Project("{9A19103F-16F7-4668-BE54-9A1E7A4F7556}") = "Services", "Services\Services.csproj", "{856BDDBD-E305-4632-A0A8-24630B21114A}"
EndProject
Project("{9A19103F-16F7-4668-BE54-9A1E7A4F7556}") = "RazorWebApp", "RazorWebApp\RazorWebApp.csproj", "{3B0B0082-B502-4AEB-8FC3-6F2A37DA9443}"
EndProject
Global
	GlobalSection(SolutionConfigurationPlatforms) = preSolution
		Debug|Any CPU = Debug|Any CPU
		Release|Any CPU = Release|Any CPU
	EndGlobalSection
	GlobalSection(ProjectConfigurationPlatforms) = postSolution
		{FC28A935-239C-4009-A6C0-7BEF98ABCE59}.Debug|Any CPU.ActiveCfg = Debug|Any CPU
		{FC28A935-239C-4009-A6C0-7BEF98ABCE59}.Debug|Any CPU.Build.0 = Debug|Any CPU
		{FC28A935-239C-4009-A6C0-7BEF98ABCE59}.Release|Any CPU.ActiveCfg = Release|Any CPU
		{FC28A935-239C-4009-A6C0-7BEF98ABCE59}.Release|Any CPU.Build.0 = Release|Any CPU
		{862A1447-F593-4F9C-9108-DE5A8C1F2236}.Debug|Any CPU.ActiveCfg = Debug|Any CPU
		{862A1447-F593-4F9C-9108-DE5A8C1F2236}.Debug|Any CPU.Build.0 = Debug|Any CPU
		{862A1447-F593-4F9C-9108-DE5A8C1F2236}.Release|Any CPU.ActiveCfg = Release|Any CPU
		{862A1447-F593-4F9C-9108-DE5A8C1F2236}.Release|Any CPU.Build.0 = Release|Any CPU
		{0BC88893-48D1-4D9D-8022-ADD350E2B64F}.Debug|Any CPU.ActiveCfg = Debug|Any CPU
		{0BC88893-48D1-4D9D-8022-ADD350E2B64F}.Debug|Any CPU.Build.0 = Debug|Any CPU
		{0BC88893-48D1-4D9D-8022-ADD350E2B64F}.Release|Any CPU.ActiveCfg = Release|Any CPU
		{0BC88893-48D1-4D9D-8022-ADD350E2B64F}.Release|Any CPU.Build.0 = Release|Any CPU
		{856BDDBD-E305-4632-A0A8-24630B21114A}.Debug|Any CPU.ActiveCfg = Debug|Any CPU
		{856BDDBD-E305-4632-A0A8-24630B21114A}.Debug|Any CPU.Build.0 = Debug|Any CPU
		{856BDDBD-E305-4632-A0A8-24630B21114A}.Release|Any CPU.ActiveCfg = Release|Any CPU
		{856BDDBD-E305-4632-A0A8-24630B21114A}.Release|Any CPU.Build.0 = Release|Any CPU
		{3B0B0082-B502-4AEB-8FC3-6F2A37DA9443}.Debug|Any CPU.ActiveCfg = Debug|Any CPU
		{3B0B0082-B502-4AEB-8FC3-6F2A37DA9443}.Debug|Any CPU.Build.0 = Debug|Any CPU
		{3B0B0082-B502-4AEB-8FC3-6F2A37DA9443}.Release|Any CPU.ActiveCfg = Release|Any CPU
		{3B0B0082-B502-4AEB-8FC3-6F2A37DA9443}.Release|Any CPU.Build.0 = Release|Any CPU
	EndGlobalSection
	GlobalSection(SolutionProperties) = preSolution
		HideSolutionNode = FALSE
	EndGlobalSection
	GlobalSection(ExtensibilityGlobals) = postSolution
		SolutionGuid = {F848CF59-43FA-4B46-BF83-47FFE236DED2}
	EndGlobalSection
EndGlobal
